
Microsoft Visual Studio Solution File, Format Version 12.00
# Visual Studio 15
VisualStudioVersion = 15.0.27703.2035
MinimumVisualStudioVersion = 10.0.40219.1
Project("{FAE04EC0-301F-11D3-BF4B-00C04F79EFBC}") = "SmartExam", "SmartExam\SmartExam.csproj", "{B7019D1F-9247-4AA1-98E1-A69547871E72}"
EndProject
Project("{FAE04EC0-301F-11D3-BF4B-00C04F79EFBC}") = "SmartExamTest", "SmartExamTest\SmartExamTest.csproj", "{56299424-A323-4098-B90D-8AEF73FCFBB2}"
EndProject
Global
	GlobalSection(SolutionConfigurationPlatforms) = preSolution
		Debug|Any CPU = Debug|Any CPU
		Release|Any CPU = Release|Any CPU
	EndGlobalSection
	GlobalSection(ProjectConfigurationPlatforms) = postSolution
		{B7019D1F-9247-4AA1-98E1-A69547871E72}.Debug|Any CPU.ActiveCfg = Debug|Any CPU
		{B7019D1F-9247-4AA1-98E1-A69547871E72}.Debug|Any CPU.Build.0 = Debug|Any CPU
		{B7019D1F-9247-4AA1-98E1-A69547871E72}.Release|Any CPU.ActiveCfg = Release|Any CPU
		{B7019D1F-9247-4AA1-98E1-A69547871E72}.Release|Any CPU.Build.0 = Release|Any CPU
		{56299424-A323-4098-B90D-8AEF73FCFBB2}.Debug|Any CPU.ActiveCfg = Debug|Any CPU
		{56299424-A323-4098-B90D-8AEF73FCFBB2}.Debug|Any CPU.Build.0 = Debug|Any CPU
		{56299424-A323-4098-B90D-8AEF73FCFBB2}.Release|Any CPU.ActiveCfg = Release|Any CPU
		{56299424-A323-4098-B90D-8AEF73FCFBB2}.Release|Any CPU.Build.0 = Release|Any CPU
	EndGlobalSection
	GlobalSection(SolutionProperties) = preSolution
		HideSolutionNode = FALSE
	EndGlobalSection
	GlobalSection(ExtensibilityGlobals) = postSolution
		SolutionGuid = {F5C1F171-0DC6-4821-8B75-532BF54B7EC0}
	EndGlobalSection
EndGlobal
